# This file is automatically @generated by Cargo.
# It is not intended for manual editing.
version = 4

[[package]]
name = "trx64-core"
version = "0.0.1"

[[package]]
name = "trx64-daemon"
version = "0.0.1"
dependencies = [
 "trx64-core",
 "trx64-session",
 "trx64-trace",
]

[[package]]
name = "trx64-session"
version = "0.0.1"
dependencies = [
 "trx64-core",
 "trx64-trace",
]

[[package]]
name = "trx64-trace"
version = "0.0.1"
dependencies = [
 "trx64-core",
]
